
Microsoft Visual Studio Solution File, Format Version 12.00
# Visual Studio Version 17
VisualStudioVersion = 17.0.31903.59
MinimumVisualStudioVersion = 10.0.40219.1
Project("{FAE04EC0-301F-11D3-BF4B-00C04F79EFBC}") = "FutureVest.Web", "FutureVest.Web\FutureVest.Web.csproj", "{13297DDD-25BE-4049-B97D-9329A3E20645}"
EndProject
Project("{FAE04EC0-301F-11D3-BF4B-00C04F79EFBC}") = "FutureVest.Business", "FutureVest.Business\FutureVest.Business.csproj", "{9F470F1A-E983-4519-9511-B7C66C975634}"
EndProject
Project("{FAE04EC0-301F-11D3-BF4B-00C04F79EFBC}") = "FutureVest.Data", "FutureVest.Data\FutureVest.Data.csproj", "{45650202-B48F-41AC-80AD-55DE5818BF37}"
EndProject
Global
	GlobalSection(SolutionConfigurationPlatforms) = preSolution
		Debug|Any CPU = Debug|Any CPU
		Release|Any CPU = Release|Any CPU
	EndGlobalSection
	GlobalSection(SolutionProperties) = preSolution
		HideSolutionNode = FALSE
	EndGlobalSection
	GlobalSection(ProjectConfigurationPlatforms) = postSolution
		{13297DDD-25BE-4049-B97D-9329A3E20645}.Debug|Any CPU.ActiveCfg = Debug|Any CPU
		{13297DDD-25BE-4049-B97D-9329A3E20645}.Debug|Any CPU.Build.0 = Debug|Any CPU
		{13297DDD-25BE-4049-B97D-9329A3E20645}.Release|Any CPU.ActiveCfg = Release|Any CPU
		{13297DDD-25BE-4049-B97D-9329A3E20645}.Release|Any CPU.Build.0 = Release|Any CPU
		{9F470F1A-E983-4519-9511-B7C66C975634}.Debug|Any CPU.ActiveCfg = Debug|Any CPU
		{9F470F1A-E983-4519-9511-B7C66C975634}.Debug|Any CPU.Build.0 = Debug|Any CPU
		{9F470F1A-E983-4519-9511-B7C66C975634}.Release|Any CPU.ActiveCfg = Release|Any CPU
		{9F470F1A-E983-4519-9511-B7C66C975634}.Release|Any CPU.Build.0 = Release|Any CPU
		{45650202-B48F-41AC-80AD-55DE5818BF37}.Debug|Any CPU.ActiveCfg = Debug|Any CPU
		{45650202-B48F-41AC-80AD-55DE5818BF37}.Debug|Any CPU.Build.0 = Debug|Any CPU
		{45650202-B48F-41AC-80AD-55DE5818BF37}.Release|Any CPU.ActiveCfg = Release|Any CPU
		{45650202-B48F-41AC-80AD-55DE5818BF37}.Release|Any CPU.Build.0 = Release|Any CPU
	EndGlobalSection
EndGlobal
