
Microsoft Visual Studio Solution File, Format Version 12.00
# Visual Studio Version 17
VisualStudioVersion = 17.0.31903.59
MinimumVisualStudioVersion = 10.0.40219.1
Project("{FAE04EC0-301F-11D3-BF4B-00C04F79EFBC}") = "PredictorActivos.Web", "PredictorActivos.Web\PredictorActivos.Web.csproj", "{2F062503-2C5D-4C0A-80B0-C9E62A2EDCCC}"
EndProject
Project("{FAE04EC0-301F-11D3-BF4B-00C04F79EFBC}") = "PredictorActivos.Business", "PredictorActivos.Business\PredictorActivos.Business.csproj", "{D7EF275E-087C-400C-B438-06E0DA6DD5B2}"
EndProject
Global
	GlobalSection(SolutionConfigurationPlatforms) = preSolution
		Debug|Any CPU = Debug|Any CPU
		Release|Any CPU = Release|Any CPU
	EndGlobalSection
	GlobalSection(SolutionProperties) = preSolution
		HideSolutionNode = FALSE
	EndGlobalSection
	GlobalSection(ProjectConfigurationPlatforms) = postSolution
		{2F062503-2C5D-4C0A-80B0-C9E62A2EDCCC}.Debug|Any CPU.ActiveCfg = Debug|Any CPU
		{2F062503-2C5D-4C0A-80B0-C9E62A2EDCCC}.Debug|Any CPU.Build.0 = Debug|Any CPU
		{2F062503-2C5D-4C0A-80B0-C9E62A2EDCCC}.Release|Any CPU.ActiveCfg = Release|Any CPU
		{2F062503-2C5D-4C0A-80B0-C9E62A2EDCCC}.Release|Any CPU.Build.0 = Release|Any CPU
		{D7EF275E-087C-400C-B438-06E0DA6DD5B2}.Debug|Any CPU.ActiveCfg = Debug|Any CPU
		{D7EF275E-087C-400C-B438-06E0DA6DD5B2}.Debug|Any CPU.Build.0 = Debug|Any CPU
		{D7EF275E-087C-400C-B438-06E0DA6DD5B2}.Release|Any CPU.ActiveCfg = Release|Any CPU
		{D7EF275E-087C-400C-B438-06E0DA6DD5B2}.Release|Any CPU.Build.0 = Release|Any CPU
	EndGlobalSection
EndGlobal
